
Microsoft Visual Studio Solution File, Format Version 12.00
# Visual Studio Version 16
VisualStudioVersion = 16.0.32002.261
MinimumVisualStudioVersion = 10.0.40219.1
Project("{9A19103F-16F7-4668-BE54-9A1E7A4F7556}") = "TransformFunctionApp", "TransformFunctionApp\TransformFunctionApp.csproj", "{D0EFEE7C-E1DE-4112-A364-BB6C001E8793}"
EndProject
Project("{9A19103F-16F7-4668-BE54-9A1E7A4F7556}") = "TransformFunction", "TransformFunction\TransformFunction.csproj", "{4D879163-359E-47F3-B295-41EE3581AD9B}"
EndProject
Project("{9A19103F-16F7-4668-BE54-9A1E7A4F7556}") = "TransformFunctionUnitTest", "TransformFunctionUnitTest\TransformFunctionUnitTest.csproj", "{C7E181BD-D048-4052-A5D7-158D257FC171}"
EndProject
Global
	GlobalSection(SolutionConfigurationPlatforms) = preSolution
		Debug|Any CPU = Debug|Any CPU
		Release|Any CPU = Release|Any CPU
	EndGlobalSection
	GlobalSection(ProjectConfigurationPlatforms) = postSolution
		{D0EFEE7C-E1DE-4112-A364-BB6C001E8793}.Debug|Any CPU.ActiveCfg = Debug|Any CPU
		{D0EFEE7C-E1DE-4112-A364-BB6C001E8793}.Debug|Any CPU.Build.0 = Debug|Any CPU
		{D0EFEE7C-E1DE-4112-A364-BB6C001E8793}.Release|Any CPU.ActiveCfg = Release|Any CPU
		{D0EFEE7C-E1DE-4112-A364-BB6C001E8793}.Release|Any CPU.Build.0 = Release|Any CPU
		{4D879163-359E-47F3-B295-41EE3581AD9B}.Debug|Any CPU.ActiveCfg = Debug|Any CPU
		{4D879163-359E-47F3-B295-41EE3581AD9B}.Debug|Any CPU.Build.0 = Debug|Any CPU
		{4D879163-359E-47F3-B295-41EE3581AD9B}.Release|Any CPU.ActiveCfg = Release|Any CPU
		{4D879163-359E-47F3-B295-41EE3581AD9B}.Release|Any CPU.Build.0 = Release|Any CPU
		{C7E181BD-D048-4052-A5D7-158D257FC171}.Debug|Any CPU.ActiveCfg = Debug|Any CPU
		{C7E181BD-D048-4052-A5D7-158D257FC171}.Debug|Any CPU.Build.0 = Debug|Any CPU
		{C7E181BD-D048-4052-A5D7-158D257FC171}.Release|Any CPU.ActiveCfg = Release|Any CPU
		{C7E181BD-D048-4052-A5D7-158D257FC171}.Release|Any CPU.Build.0 = Release|Any CPU
	EndGlobalSection
	GlobalSection(SolutionProperties) = preSolution
		HideSolutionNode = FALSE
	EndGlobalSection
	GlobalSection(ExtensibilityGlobals) = postSolution
		SolutionGuid = {848A1132-CF56-4485-A128-C1C7EA9D29E8}
	EndGlobalSection
EndGlobal
